
Microsoft Visual Studio Solution File, Format Version 12.00
# Visual Studio Version 17
VisualStudioVersion = 17.6.33723.286
MinimumVisualStudioVersion = 10.0.40219.1
Project("{FAE04EC0-301F-11D3-BF4B-00C04F79EFBC}") = "ATLASMissionPack", "ATLASMissionPack.csproj", "{3C9306C3-757C-430F-AF74-0FB24206C717}"
EndProject
Global
	GlobalSection(SolutionConfigurationPlatforms) = preSolution
		Debug|Any CPU = Debug|Any CPU
		Release|Any CPU = Release|Any CPU
	EndGlobalSection
	GlobalSection(ProjectConfigurationPlatforms) = postSolution
		{3C9306C3-757C-430F-AF74-0FB24206C717}.Debug|Any CPU.ActiveCfg = Debug|Any CPU
		{3C9306C3-757C-430F-AF74-0FB24206C717}.Debug|Any CPU.Build.0 = Debug|Any CPU
		{3C9306C3-757C-430F-AF74-0FB24206C717}.Release|Any CPU.ActiveCfg = Release|Any CPU
		{3C9306C3-757C-430F-AF74-0FB24206C717}.Release|Any CPU.Build.0 = Release|Any CPU
	EndGlobalSection
	GlobalSection(SolutionProperties) = preSolution
		HideSolutionNode = FALSE
	EndGlobalSection
	GlobalSection(ExtensibilityGlobals) = postSolution
		SolutionGuid = {B5C84BE4-2AA3-476B-9FA8-07DEBD106AA9}
	EndGlobalSection
EndGlobal
